
Microsoft Visual Studio Solution File, Format Version 12.00
# Visual Studio Version 17
VisualStudioVersion = 17.3.32901.215
MinimumVisualStudioVersion = 10.0.40219.1
Project("{9A19103F-16F7-4668-BE54-9A1E7A4F7556}") = "CursoMongo.Api", "CursoMongo.Api.csproj", "{ACDCC42A-84AF-43A3-9A15-D3E7840069EC}"
EndProject
Global
	GlobalSection(SolutionConfigurationPlatforms) = preSolution
		Debug|Any CPU = Debug|Any CPU
		Release|Any CPU = Release|Any CPU
	EndGlobalSection
	GlobalSection(ProjectConfigurationPlatforms) = postSolution
		{ACDCC42A-84AF-43A3-9A15-D3E7840069EC}.Debug|Any CPU.ActiveCfg = Debug|Any CPU
		{ACDCC42A-84AF-43A3-9A15-D3E7840069EC}.Debug|Any CPU.Build.0 = Debug|Any CPU
		{ACDCC42A-84AF-43A3-9A15-D3E7840069EC}.Release|Any CPU.ActiveCfg = Release|Any CPU
		{ACDCC42A-84AF-43A3-9A15-D3E7840069EC}.Release|Any CPU.Build.0 = Release|Any CPU
	EndGlobalSection
	GlobalSection(SolutionProperties) = preSolution
		HideSolutionNode = FALSE
	EndGlobalSection
	GlobalSection(ExtensibilityGlobals) = postSolution
		SolutionGuid = {AE6983EE-65A1-4E7F-9B13-2070FC61C8DD}
	EndGlobalSection
EndGlobal
